
Microsoft Visual Studio Solution File, Format Version 12.00
# Visual Studio Version 17
VisualStudioVersion = 17.11.35103.136
MinimumVisualStudioVersion = 10.0.40219.1
Project("{9A19103F-16F7-4668-BE54-9A1E7A4F7556}") = "IndFusion.Exxerpro", "IndFusion.Exxerpro\IndFusion.Exxerpro.csproj", "{FEDB948A-4850-4A56-8778-0EC7189FD7FB}"
EndProject
Project("{9A19103F-16F7-4668-BE54-9A1E7A4F7556}") = "IndFusion.ExxerproTests", "IndFusion.ExxerproTests\IndFusion.ExxerproTests.csproj", "{3569BAA9-CB1C-4E18-850E-EBBACC4D3E51}"
EndProject
Project("{9A19103F-16F7-4668-BE54-9A1E7A4F7556}") = "plot", "plot\plot.csproj", "{9155574E-D179-4AE2-9426-05A7814DB99E}"
EndProject
Project("{9A19103F-16F7-4668-BE54-9A1E7A4F7556}") = "IndFusion.Exxerpro.Domain", "IndFusion.Exxerpro.Domain\IndFusion.Exxerpro.Domain.csproj", "{963B4F55-4898-4C91-BD9A-D9143F6D6D10}"
EndProject
Project("{2150E333-8FDC-42A3-9474-1A3956D46DE8}") = "Presentation", "Presentation", "{3503FC2E-7F95-4CBF-AE82-C7B9F6811145}"
EndProject
Project("{9A19103F-16F7-4668-BE54-9A1E7A4F7556}") = "IndFusion.Components", "Presentation\IndFusion.Components\IndFusion.Components.csproj", "{E009C17F-B9BF-4FF5-A111-2B137B2947B1}"
EndProject
Project("{9A19103F-16F7-4668-BE54-9A1E7A4F7556}") = "IndFusion.UI", "Presentation\Exxerpro.Components\IndFusion.UI.csproj", "{1463A548-5FFA-42EC-9EE5-7D9E0AC9A070}"
EndProject
Global
	GlobalSection(SolutionConfigurationPlatforms) = preSolution
		Debug|Any CPU = Debug|Any CPU
		Release|Any CPU = Release|Any CPU
	EndGlobalSection
	GlobalSection(ProjectConfigurationPlatforms) = postSolution
		{FEDB948A-4850-4A56-8778-0EC7189FD7FB}.Debug|Any CPU.ActiveCfg = Debug|Any CPU
		{FEDB948A-4850-4A56-8778-0EC7189FD7FB}.Debug|Any CPU.Build.0 = Debug|Any CPU
		{FEDB948A-4850-4A56-8778-0EC7189FD7FB}.Release|Any CPU.ActiveCfg = Release|Any CPU
		{FEDB948A-4850-4A56-8778-0EC7189FD7FB}.Release|Any CPU.Build.0 = Release|Any CPU
		{3569BAA9-CB1C-4E18-850E-EBBACC4D3E51}.Debug|Any CPU.ActiveCfg = Debug|Any CPU
		{3569BAA9-CB1C-4E18-850E-EBBACC4D3E51}.Debug|Any CPU.Build.0 = Debug|Any CPU
		{3569BAA9-CB1C-4E18-850E-EBBACC4D3E51}.Release|Any CPU.ActiveCfg = Release|Any CPU
		{3569BAA9-CB1C-4E18-850E-EBBACC4D3E51}.Release|Any CPU.Build.0 = Release|Any CPU
		{9155574E-D179-4AE2-9426-05A7814DB99E}.Debug|Any CPU.ActiveCfg = Debug|Any CPU
		{9155574E-D179-4AE2-9426-05A7814DB99E}.Debug|Any CPU.Build.0 = Debug|Any CPU
		{9155574E-D179-4AE2-9426-05A7814DB99E}.Release|Any CPU.ActiveCfg = Release|Any CPU
		{9155574E-D179-4AE2-9426-05A7814DB99E}.Release|Any CPU.Build.0 = Release|Any CPU
		{963B4F55-4898-4C91-BD9A-D9143F6D6D10}.Debug|Any CPU.ActiveCfg = Debug|Any CPU
		{963B4F55-4898-4C91-BD9A-D9143F6D6D10}.Debug|Any CPU.Build.0 = Debug|Any CPU
		{963B4F55-4898-4C91-BD9A-D9143F6D6D10}.Release|Any CPU.ActiveCfg = Release|Any CPU
		{963B4F55-4898-4C91-BD9A-D9143F6D6D10}.Release|Any CPU.Build.0 = Release|Any CPU
		{E009C17F-B9BF-4FF5-A111-2B137B2947B1}.Debug|Any CPU.ActiveCfg = Debug|Any CPU
		{E009C17F-B9BF-4FF5-A111-2B137B2947B1}.Debug|Any CPU.Build.0 = Debug|Any CPU
		{E009C17F-B9BF-4FF5-A111-2B137B2947B1}.Release|Any CPU.ActiveCfg = Release|Any CPU
		{E009C17F-B9BF-4FF5-A111-2B137B2947B1}.Release|Any CPU.Build.0 = Release|Any CPU
		{1463A548-5FFA-42EC-9EE5-7D9E0AC9A070}.Debug|Any CPU.ActiveCfg = Debug|Any CPU
		{1463A548-5FFA-42EC-9EE5-7D9E0AC9A070}.Debug|Any CPU.Build.0 = Debug|Any CPU
		{1463A548-5FFA-42EC-9EE5-7D9E0AC9A070}.Release|Any CPU.ActiveCfg = Release|Any CPU
		{1463A548-5FFA-42EC-9EE5-7D9E0AC9A070}.Release|Any CPU.Build.0 = Release|Any CPU
	EndGlobalSection
	GlobalSection(SolutionProperties) = preSolution
		HideSolutionNode = FALSE
	EndGlobalSection
	GlobalSection(NestedProjects) = preSolution
		{E009C17F-B9BF-4FF5-A111-2B137B2947B1} = {3503FC2E-7F95-4CBF-AE82-C7B9F6811145}
		{1463A548-5FFA-42EC-9EE5-7D9E0AC9A070} = {3503FC2E-7F95-4CBF-AE82-C7B9F6811145}
	EndGlobalSection
	GlobalSection(ExtensibilityGlobals) = postSolution
		SolutionGuid = {9C721957-9E7E-4463-B42C-DC4B96C4CCA8}
	EndGlobalSection
EndGlobal
